
Microsoft Visual Studio Solution File, Format Version 12.00
# Visual Studio Version 17
VisualStudioVersion = 17.12.35527.113
MinimumVisualStudioVersion = 10.0.40219.1
Project("{2150E333-8FDC-42A3-9474-1A3956D46DE8}") = "Lesson_02", "Lesson_02", "{11C31581-32D2-4CA9-86A3-68C1AFA712CF}"
EndProject
Project("{FAE04EC0-301F-11D3-BF4B-00C04F79EFBC}") = "Task_02_02", "Task_02_02\Task_02_02.csproj", "{C6BF7F00-FB0B-440C-BD32-1D87F1BA4B2A}"
EndProject
Project("{FAE04EC0-301F-11D3-BF4B-00C04F79EFBC}") = "Task_02_04", "Task_02_04\Task_02_04.csproj", "{5762EFE2-E697-4DDF-BB3E-07299D31E8C7}"
EndProject
Project("{2150E333-8FDC-42A3-9474-1A3956D46DE8}") = "Lesson_03", "Lesson_03", "{AFACB8F1-28B0-404D-8C55-5E9868847F85}"
EndProject
Project("{FAE04EC0-301F-11D3-BF4B-00C04F79EFBC}") = "Task_03_04", "Task_03_04\Task_03_04.csproj", "{0D231794-82EE-4D72-807A-5BD4AC58C148}"
EndProject
Project("{FAE04EC0-301F-11D3-BF4B-00C04F79EFBC}") = "Task_03_05", "Task_03_05\Task_03_05.csproj", "{EE546FA0-E77B-4FDD-8390-7FECDBEF9318}"
EndProject
Project("{FAE04EC0-301F-11D3-BF4B-00C04F79EFBC}") = "Task_03_06", "Task_03_06\Task_03_06.csproj", "{1C7C8BF5-8E49-4277-97BE-BACC16FC8365}"
EndProject
Project("{FAE04EC0-301F-11D3-BF4B-00C04F79EFBC}") = "Task_03_07", "Task_03_07\Task_03_07.csproj", "{9B6C46B4-BED2-4046-AC0A-1913031E441E}"
EndProject
Project("{FAE04EC0-301F-11D3-BF4B-00C04F79EFBC}") = "Task_03_08", "Task_03_08\Task_03_08.csproj", "{BE3D6A34-DE0B-48EB-9627-4AFD951DE66A}"
EndProject
Project("{FAE04EC0-301F-11D3-BF4B-00C04F79EFBC}") = "Task_03_09", "Task_03_09\Task_03_09.csproj", "{6F1DAF19-C024-483B-8DB9-D37B518A2F6C}"
EndProject
Project("{2150E333-8FDC-42A3-9474-1A3956D46DE8}") = "Lesson_04", "Lesson_04", "{41EA69FA-35C3-4D03-A5D2-3E6C2C69A37E}"
EndProject
Project("{FAE04EC0-301F-11D3-BF4B-00C04F79EFBC}") = "Task_04_05", "Task_04_05\Task_04_05.csproj", "{4AF48CF8-2C87-4CB9-8A52-16DFB1ADA538}"
EndProject
Project("{FAE04EC0-301F-11D3-BF4B-00C04F79EFBC}") = "Task_04_06", "Task_04_06\Task_04_06.csproj", "{A8BF75B1-F534-4160-A74E-A5093E1314FD}"
EndProject
Project("{FAE04EC0-301F-11D3-BF4B-00C04F79EFBC}") = "Task_04_07", "Task_04_07\Task_04_07.csproj", "{7082A89E-012B-459D-9B0A-779EC7D0C946}"
EndProject
Project("{FAE04EC0-301F-11D3-BF4B-00C04F79EFBC}") = "Task_04_08", "Task_04_08\Task_04_08.csproj", "{BDB0B69E-1C33-45E0-9C62-F2809FEB46A5}"
EndProject
Project("{FAE04EC0-301F-11D3-BF4B-00C04F79EFBC}") = "Task_04_09", "Task_04_09\Task_04_09.csproj", "{68AE08A8-1296-4C3B-A655-93C1FCB0FD53}"
EndProject
Project("{FAE04EC0-301F-11D3-BF4B-00C04F79EFBC}") = "Task_04_10", "Task_04_10\Task_04_10.csproj", "{D095EA6A-B8D2-46ED-BB16-D409298C192B}"
EndProject
Project("{2150E333-8FDC-42A3-9474-1A3956D46DE8}") = "Lesson_05", "Lesson_05", "{E58D43F3-E820-41E9-8BF8-886495D094CD}"
EndProject
Project("{FAE04EC0-301F-11D3-BF4B-00C04F79EFBC}") = "Task_05_03", "Task_05_03\Task_05_03.csproj", "{3731D53C-BD55-484E-BFC7-3A3BD2CD2013}"
EndProject
Project("{FAE04EC0-301F-11D3-BF4B-00C04F79EFBC}") = "Task_05_04", "Task_05_04\Task_05_04.csproj", "{1C7E5BA6-7D93-4821-A3E2-E0401C8DC9B4}"
EndProject
Project("{FAE04EC0-301F-11D3-BF4B-00C04F79EFBC}") = "Task_05_05", "Task_05_05\Task_05_05.csproj", "{2EF862E5-71C5-42D0-900B-A71E314204F4}"
EndProject
Project("{FAE04EC0-301F-11D3-BF4B-00C04F79EFBC}") = "Task_05_06", "Task_05_06\Task_05_06.csproj", "{37483986-ACB7-4173-B180-ADA592B31360}"
EndProject
Project("{FAE04EC0-301F-11D3-BF4B-00C04F79EFBC}") = "Task_05_07", "Task_05_07\Task_05_07.csproj", "{6ED55BD9-94D8-4108-B96A-39576A8FC8FF}"
EndProject
Project("{FAE04EC0-301F-11D3-BF4B-00C04F79EFBC}") = "Task_05_08", "Task_05_08\Task_05_08.csproj", "{CC854E6E-7C3D-428C-ABEB-EB171DE67F48}"
EndProject
Project("{FAE04EC0-301F-11D3-BF4B-00C04F79EFBC}") = "Task_05_09", "Task_05_09\Task_05_09.csproj", "{11E52D59-922C-444C-8060-773C83BD0139}"
EndProject
Project("{2150E333-8FDC-42A3-9474-1A3956D46DE8}") = "Lesson_10", "Lesson_10", "{BB2944BE-D58D-46CA-8D55-A8D11DA09BEE}"
EndProject
Project("{FAE04EC0-301F-11D3-BF4B-00C04F79EFBC}") = "Task_10_06", "Task_10_06\Task_10_06.csproj", "{869C0FA8-1330-46BB-A07C-B6120369EB5C}"
EndProject
Project("{FAE04EC0-301F-11D3-BF4B-00C04F79EFBC}") = "Task_10_07", "Task_10_07\Task_10_07.csproj", "{56FBAD5C-43FF-4157-BAD1-ED8A0BDCBA22}"
EndProject
Project("{FAE04EC0-301F-11D3-BF4B-00C04F79EFBC}") = "Task_10_08", "Task_10_08\Task_10_08.csproj", "{1F7FA6E3-6D31-4FF1-AD0F-BDB461843F42}"
EndProject
Project("{2150E333-8FDC-42A3-9474-1A3956D46DE8}") = "Lesson_13", "Lesson_13", "{C7DC3F58-13FD-496D-AA95-43614FA86F52}"
EndProject
Project("{FAE04EC0-301F-11D3-BF4B-00C04F79EFBC}") = "Task_13_02", "Task_13_02\Task_13_02.csproj", "{C4B0658A-3F75-4AFB-B361-8A4F60A33AD0}"
EndProject
Project("{FAE04EC0-301F-11D3-BF4B-00C04F79EFBC}") = "Task_13_03", "Task_13_03\Task_13_03.csproj", "{6F8A5F98-00BF-41FC-8329-64C2D2A1D771}"
EndProject
Project("{2150E333-8FDC-42A3-9474-1A3956D46DE8}") = "Lesson_14", "Lesson_14", "{8F60191A-F235-46AB-BF0E-33904F985449}"
EndProject
Project("{FAE04EC0-301F-11D3-BF4B-00C04F79EFBC}") = "Task_14_03", "Task_14_03\Task_14_03.csproj", "{94CC39B5-7DB9-473F-B132-9E593B28DD1E}"
EndProject
Project("{FAE04EC0-301F-11D3-BF4B-00C04F79EFBC}") = "Task_14_04", "Task_14_04\Task_14_04.csproj", "{53B8447F-BEB0-4E4F-8173-D08FE5AEB146}"
EndProject
Project("{2150E333-8FDC-42A3-9474-1A3956D46DE8}") = "Lesson_12", "Lesson_12", "{87E90D19-B06E-4F3C-856A-FC8FCCE739D0}"
EndProject
Project("{FAE04EC0-301F-11D3-BF4B-00C04F79EFBC}") = "Task_12_01", "Task_12_01\Task_12_01.csproj", "{4D999E15-5771-42AF-8F9A-EDB55380755D}"
EndProject
Project("{FAE04EC0-301F-11D3-BF4B-00C04F79EFBC}") = "Task_12_02", "Task_12_02\Task_12_02.csproj", "{2BC634EA-E6CB-490F-9783-451D0EBEA539}"
EndProject
Global
	GlobalSection(SolutionConfigurationPlatforms) = preSolution
		Debug|Any CPU = Debug|Any CPU
		Release|Any CPU = Release|Any CPU
	EndGlobalSection
	GlobalSection(ProjectConfigurationPlatforms) = postSolution
		{C6BF7F00-FB0B-440C-BD32-1D87F1BA4B2A}.Debug|Any CPU.ActiveCfg = Debug|Any CPU
		{C6BF7F00-FB0B-440C-BD32-1D87F1BA4B2A}.Debug|Any CPU.Build.0 = Debug|Any CPU
		{C6BF7F00-FB0B-440C-BD32-1D87F1BA4B2A}.Release|Any CPU.ActiveCfg = Release|Any CPU
		{C6BF7F00-FB0B-440C-BD32-1D87F1BA4B2A}.Release|Any CPU.Build.0 = Release|Any CPU
		{5762EFE2-E697-4DDF-BB3E-07299D31E8C7}.Debug|Any CPU.ActiveCfg = Debug|Any CPU
		{5762EFE2-E697-4DDF-BB3E-07299D31E8C7}.Debug|Any CPU.Build.0 = Debug|Any CPU
		{5762EFE2-E697-4DDF-BB3E-07299D31E8C7}.Release|Any CPU.ActiveCfg = Release|Any CPU
		{5762EFE2-E697-4DDF-BB3E-07299D31E8C7}.Release|Any CPU.Build.0 = Release|Any CPU
		{0D231794-82EE-4D72-807A-5BD4AC58C148}.Debug|Any CPU.ActiveCfg = Debug|Any CPU
		{0D231794-82EE-4D72-807A-5BD4AC58C148}.Debug|Any CPU.Build.0 = Debug|Any CPU
		{0D231794-82EE-4D72-807A-5BD4AC58C148}.Release|Any CPU.ActiveCfg = Release|Any CPU
		{0D231794-82EE-4D72-807A-5BD4AC58C148}.Release|Any CPU.Build.0 = Release|Any CPU
		{EE546FA0-E77B-4FDD-8390-7FECDBEF9318}.Debug|Any CPU.ActiveCfg = Debug|Any CPU
		{EE546FA0-E77B-4FDD-8390-7FECDBEF9318}.Debug|Any CPU.Build.0 = Debug|Any CPU
		{EE546FA0-E77B-4FDD-8390-7FECDBEF9318}.Release|Any CPU.ActiveCfg = Release|Any CPU
		{EE546FA0-E77B-4FDD-8390-7FECDBEF9318}.Release|Any CPU.Build.0 = Release|Any CPU
		{1C7C8BF5-8E49-4277-97BE-BACC16FC8365}.Debug|Any CPU.ActiveCfg = Debug|Any CPU
		{1C7C8BF5-8E49-4277-97BE-BACC16FC8365}.Debug|Any CPU.Build.0 = Debug|Any CPU
		{1C7C8BF5-8E49-4277-97BE-BACC16FC8365}.Release|Any CPU.ActiveCfg = Release|Any CPU
		{1C7C8BF5-8E49-4277-97BE-BACC16FC8365}.Release|Any CPU.Build.0 = Release|Any CPU
		{9B6C46B4-BED2-4046-AC0A-1913031E441E}.Debug|Any CPU.ActiveCfg = Debug|Any CPU
		{9B6C46B4-BED2-4046-AC0A-1913031E441E}.Debug|Any CPU.Build.0 = Debug|Any CPU
		{9B6C46B4-BED2-4046-AC0A-1913031E441E}.Release|Any CPU.ActiveCfg = Release|Any CPU
		{9B6C46B4-BED2-4046-AC0A-1913031E441E}.Release|Any CPU.Build.0 = Release|Any CPU
		{BE3D6A34-DE0B-48EB-9627-4AFD951DE66A}.Debug|Any CPU.ActiveCfg = Debug|Any CPU
		{BE3D6A34-DE0B-48EB-9627-4AFD951DE66A}.Debug|Any CPU.Build.0 = Debug|Any CPU
		{BE3D6A34-DE0B-48EB-9627-4AFD951DE66A}.Release|Any CPU.ActiveCfg = Release|Any CPU
		{BE3D6A34-DE0B-48EB-9627-4AFD951DE66A}.Release|Any CPU.Build.0 = Release|Any CPU
		{6F1DAF19-C024-483B-8DB9-D37B518A2F6C}.Debug|Any CPU.ActiveCfg = Debug|Any CPU
		{6F1DAF19-C024-483B-8DB9-D37B518A2F6C}.Debug|Any CPU.Build.0 = Debug|Any CPU
		{6F1DAF19-C024-483B-8DB9-D37B518A2F6C}.Release|Any CPU.ActiveCfg = Release|Any CPU
		{6F1DAF19-C024-483B-8DB9-D37B518A2F6C}.Release|Any CPU.Build.0 = Release|Any CPU
		{4AF48CF8-2C87-4CB9-8A52-16DFB1ADA538}.Debug|Any CPU.ActiveCfg = Debug|Any CPU
		{4AF48CF8-2C87-4CB9-8A52-16DFB1ADA538}.Debug|Any CPU.Build.0 = Debug|Any CPU
		{4AF48CF8-2C87-4CB9-8A52-16DFB1ADA538}.Release|Any CPU.ActiveCfg = Release|Any CPU
		{4AF48CF8-2C87-4CB9-8A52-16DFB1ADA538}.Release|Any CPU.Build.0 = Release|Any CPU
		{A8BF75B1-F534-4160-A74E-A5093E1314FD}.Debug|Any CPU.ActiveCfg = Debug|Any CPU
		{A8BF75B1-F534-4160-A74E-A5093E1314FD}.Debug|Any CPU.Build.0 = Debug|Any CPU
		{A8BF75B1-F534-4160-A74E-A5093E1314FD}.Release|Any CPU.ActiveCfg = Release|Any CPU
		{A8BF75B1-F534-4160-A74E-A5093E1314FD}.Release|Any CPU.Build.0 = Release|Any CPU
		{7082A89E-012B-459D-9B0A-779EC7D0C946}.Debug|Any CPU.ActiveCfg = Debug|Any CPU
		{7082A89E-012B-459D-9B0A-779EC7D0C946}.Debug|Any CPU.Build.0 = Debug|Any CPU
		{7082A89E-012B-459D-9B0A-779EC7D0C946}.Release|Any CPU.ActiveCfg = Release|Any CPU
		{7082A89E-012B-459D-9B0A-779EC7D0C946}.Release|Any CPU.Build.0 = Release|Any CPU
		{BDB0B69E-1C33-45E0-9C62-F2809FEB46A5}.Debug|Any CPU.ActiveCfg = Debug|Any CPU
		{BDB0B69E-1C33-45E0-9C62-F2809FEB46A5}.Debug|Any CPU.Build.0 = Debug|Any CPU
		{BDB0B69E-1C33-45E0-9C62-F2809FEB46A5}.Release|Any CPU.ActiveCfg = Release|Any CPU
		{BDB0B69E-1C33-45E0-9C62-F2809FEB46A5}.Release|Any CPU.Build.0 = Release|Any CPU
		{68AE08A8-1296-4C3B-A655-93C1FCB0FD53}.Debug|Any CPU.ActiveCfg = Debug|Any CPU
		{68AE08A8-1296-4C3B-A655-93C1FCB0FD53}.Debug|Any CPU.Build.0 = Debug|Any CPU
		{68AE08A8-1296-4C3B-A655-93C1FCB0FD53}.Release|Any CPU.ActiveCfg = Release|Any CPU
		{68AE08A8-1296-4C3B-A655-93C1FCB0FD53}.Release|Any CPU.Build.0 = Release|Any CPU
		{D095EA6A-B8D2-46ED-BB16-D409298C192B}.Debug|Any CPU.ActiveCfg = Debug|Any CPU
		{D095EA6A-B8D2-46ED-BB16-D409298C192B}.Debug|Any CPU.Build.0 = Debug|Any CPU
		{D095EA6A-B8D2-46ED-BB16-D409298C192B}.Release|Any CPU.ActiveCfg = Release|Any CPU
		{D095EA6A-B8D2-46ED-BB16-D409298C192B}.Release|Any CPU.Build.0 = Release|Any CPU
		{3731D53C-BD55-484E-BFC7-3A3BD2CD2013}.Debug|Any CPU.ActiveCfg = Debug|Any CPU
		{3731D53C-BD55-484E-BFC7-3A3BD2CD2013}.Debug|Any CPU.Build.0 = Debug|Any CPU
		{3731D53C-BD55-484E-BFC7-3A3BD2CD2013}.Release|Any CPU.ActiveCfg = Release|Any CPU
		{3731D53C-BD55-484E-BFC7-3A3BD2CD2013}.Release|Any CPU.Build.0 = Release|Any CPU
		{1C7E5BA6-7D93-4821-A3E2-E0401C8DC9B4}.Debug|Any CPU.ActiveCfg = Debug|Any CPU
		{1C7E5BA6-7D93-4821-A3E2-E0401C8DC9B4}.Debug|Any CPU.Build.0 = Debug|Any CPU
		{1C7E5BA6-7D93-4821-A3E2-E0401C8DC9B4}.Release|Any CPU.ActiveCfg = Release|Any CPU
		{1C7E5BA6-7D93-4821-A3E2-E0401C8DC9B4}.Release|Any CPU.Build.0 = Release|Any CPU
		{2EF862E5-71C5-42D0-900B-A71E314204F4}.Debug|Any CPU.ActiveCfg = Debug|Any CPU
		{2EF862E5-71C5-42D0-900B-A71E314204F4}.Debug|Any CPU.Build.0 = Debug|Any CPU
		{2EF862E5-71C5-42D0-900B-A71E314204F4}.Release|Any CPU.ActiveCfg = Release|Any CPU
		{2EF862E5-71C5-42D0-900B-A71E314204F4}.Release|Any CPU.Build.0 = Release|Any CPU
		{37483986-ACB7-4173-B180-ADA592B31360}.Debug|Any CPU.ActiveCfg = Debug|Any CPU
		{37483986-ACB7-4173-B180-ADA592B31360}.Debug|Any CPU.Build.0 = Debug|Any CPU
		{37483986-ACB7-4173-B180-ADA592B31360}.Release|Any CPU.ActiveCfg = Release|Any CPU
		{37483986-ACB7-4173-B180-ADA592B31360}.Release|Any CPU.Build.0 = Release|Any CPU
		{6ED55BD9-94D8-4108-B96A-39576A8FC8FF}.Debug|Any CPU.ActiveCfg = Debug|Any CPU
		{6ED55BD9-94D8-4108-B96A-39576A8FC8FF}.Debug|Any CPU.Build.0 = Debug|Any CPU
		{6ED55BD9-94D8-4108-B96A-39576A8FC8FF}.Release|Any CPU.ActiveCfg = Release|Any CPU
		{6ED55BD9-94D8-4108-B96A-39576A8FC8FF}.Release|Any CPU.Build.0 = Release|Any CPU
		{CC854E6E-7C3D-428C-ABEB-EB171DE67F48}.Debug|Any CPU.ActiveCfg = Debug|Any CPU
		{CC854E6E-7C3D-428C-ABEB-EB171DE67F48}.Debug|Any CPU.Build.0 = Debug|Any CPU
		{CC854E6E-7C3D-428C-ABEB-EB171DE67F48}.Release|Any CPU.ActiveCfg = Release|Any CPU
		{CC854E6E-7C3D-428C-ABEB-EB171DE67F48}.Release|Any CPU.Build.0 = Release|Any CPU
		{11E52D59-922C-444C-8060-773C83BD0139}.Debug|Any CPU.ActiveCfg = Debug|Any CPU
		{11E52D59-922C-444C-8060-773C83BD0139}.Debug|Any CPU.Build.0 = Debug|Any CPU
		{11E52D59-922C-444C-8060-773C83BD0139}.Release|Any CPU.ActiveCfg = Release|Any CPU
		{11E52D59-922C-444C-8060-773C83BD0139}.Release|Any CPU.Build.0 = Release|Any CPU
		{869C0FA8-1330-46BB-A07C-B6120369EB5C}.Debug|Any CPU.ActiveCfg = Debug|Any CPU
		{869C0FA8-1330-46BB-A07C-B6120369EB5C}.Debug|Any CPU.Build.0 = Debug|Any CPU
		{869C0FA8-1330-46BB-A07C-B6120369EB5C}.Release|Any CPU.ActiveCfg = Release|Any CPU
		{869C0FA8-1330-46BB-A07C-B6120369EB5C}.Release|Any CPU.Build.0 = Release|Any CPU
		{56FBAD5C-43FF-4157-BAD1-ED8A0BDCBA22}.Debug|Any CPU.ActiveCfg = Debug|Any CPU
		{56FBAD5C-43FF-4157-BAD1-ED8A0BDCBA22}.Debug|Any CPU.Build.0 = Debug|Any CPU
		{56FBAD5C-43FF-4157-BAD1-ED8A0BDCBA22}.Release|Any CPU.ActiveCfg = Release|Any CPU
		{56FBAD5C-43FF-4157-BAD1-ED8A0BDCBA22}.Release|Any CPU.Build.0 = Release|Any CPU
		{1F7FA6E3-6D31-4FF1-AD0F-BDB461843F42}.Debug|Any CPU.ActiveCfg = Debug|Any CPU
		{1F7FA6E3-6D31-4FF1-AD0F-BDB461843F42}.Debug|Any CPU.Build.0 = Debug|Any CPU
		{1F7FA6E3-6D31-4FF1-AD0F-BDB461843F42}.Release|Any CPU.ActiveCfg = Release|Any CPU
		{1F7FA6E3-6D31-4FF1-AD0F-BDB461843F42}.Release|Any CPU.Build.0 = Release|Any CPU
		{C4B0658A-3F75-4AFB-B361-8A4F60A33AD0}.Debug|Any CPU.ActiveCfg = Debug|Any CPU
		{C4B0658A-3F75-4AFB-B361-8A4F60A33AD0}.Debug|Any CPU.Build.0 = Debug|Any CPU
		{C4B0658A-3F75-4AFB-B361-8A4F60A33AD0}.Release|Any CPU.ActiveCfg = Release|Any CPU
		{C4B0658A-3F75-4AFB-B361-8A4F60A33AD0}.Release|Any CPU.Build.0 = Release|Any CPU
		{6F8A5F98-00BF-41FC-8329-64C2D2A1D771}.Debug|Any CPU.ActiveCfg = Debug|Any CPU
		{6F8A5F98-00BF-41FC-8329-64C2D2A1D771}.Debug|Any CPU.Build.0 = Debug|Any CPU
		{6F8A5F98-00BF-41FC-8329-64C2D2A1D771}.Release|Any CPU.ActiveCfg = Release|Any CPU
		{6F8A5F98-00BF-41FC-8329-64C2D2A1D771}.Release|Any CPU.Build.0 = Release|Any CPU
		{94CC39B5-7DB9-473F-B132-9E593B28DD1E}.Debug|Any CPU.ActiveCfg = Debug|Any CPU
		{94CC39B5-7DB9-473F-B132-9E593B28DD1E}.Debug|Any CPU.Build.0 = Debug|Any CPU
		{94CC39B5-7DB9-473F-B132-9E593B28DD1E}.Release|Any CPU.ActiveCfg = Release|Any CPU
		{94CC39B5-7DB9-473F-B132-9E593B28DD1E}.Release|Any CPU.Build.0 = Release|Any CPU
		{53B8447F-BEB0-4E4F-8173-D08FE5AEB146}.Debug|Any CPU.ActiveCfg = Debug|Any CPU
		{53B8447F-BEB0-4E4F-8173-D08FE5AEB146}.Debug|Any CPU.Build.0 = Debug|Any CPU
		{53B8447F-BEB0-4E4F-8173-D08FE5AEB146}.Release|Any CPU.ActiveCfg = Release|Any CPU
		{53B8447F-BEB0-4E4F-8173-D08FE5AEB146}.Release|Any CPU.Build.0 = Release|Any CPU
		{4D999E15-5771-42AF-8F9A-EDB55380755D}.Debug|Any CPU.ActiveCfg = Debug|Any CPU
		{4D999E15-5771-42AF-8F9A-EDB55380755D}.Debug|Any CPU.Build.0 = Debug|Any CPU
		{4D999E15-5771-42AF-8F9A-EDB55380755D}.Release|Any CPU.ActiveCfg = Release|Any CPU
		{4D999E15-5771-42AF-8F9A-EDB55380755D}.Release|Any CPU.Build.0 = Release|Any CPU
		{2BC634EA-E6CB-490F-9783-451D0EBEA539}.Debug|Any CPU.ActiveCfg = Debug|Any CPU
		{2BC634EA-E6CB-490F-9783-451D0EBEA539}.Debug|Any CPU.Build.0 = Debug|Any CPU
		{2BC634EA-E6CB-490F-9783-451D0EBEA539}.Release|Any CPU.ActiveCfg = Release|Any CPU
		{2BC634EA-E6CB-490F-9783-451D0EBEA539}.Release|Any CPU.Build.0 = Release|Any CPU
	EndGlobalSection
	GlobalSection(SolutionProperties) = preSolution
		HideSolutionNode = FALSE
	EndGlobalSection
	GlobalSection(NestedProjects) = preSolution
		{C6BF7F00-FB0B-440C-BD32-1D87F1BA4B2A} = {11C31581-32D2-4CA9-86A3-68C1AFA712CF}
		{5762EFE2-E697-4DDF-BB3E-07299D31E8C7} = {11C31581-32D2-4CA9-86A3-68C1AFA712CF}
		{0D231794-82EE-4D72-807A-5BD4AC58C148} = {AFACB8F1-28B0-404D-8C55-5E9868847F85}
		{EE546FA0-E77B-4FDD-8390-7FECDBEF9318} = {AFACB8F1-28B0-404D-8C55-5E9868847F85}
		{1C7C8BF5-8E49-4277-97BE-BACC16FC8365} = {AFACB8F1-28B0-404D-8C55-5E9868847F85}
		{9B6C46B4-BED2-4046-AC0A-1913031E441E} = {AFACB8F1-28B0-404D-8C55-5E9868847F85}
		{BE3D6A34-DE0B-48EB-9627-4AFD951DE66A} = {AFACB8F1-28B0-404D-8C55-5E9868847F85}
		{6F1DAF19-C024-483B-8DB9-D37B518A2F6C} = {AFACB8F1-28B0-404D-8C55-5E9868847F85}
		{4AF48CF8-2C87-4CB9-8A52-16DFB1ADA538} = {41EA69FA-35C3-4D03-A5D2-3E6C2C69A37E}
		{A8BF75B1-F534-4160-A74E-A5093E1314FD} = {41EA69FA-35C3-4D03-A5D2-3E6C2C69A37E}
		{7082A89E-012B-459D-9B0A-779EC7D0C946} = {41EA69FA-35C3-4D03-A5D2-3E6C2C69A37E}
		{BDB0B69E-1C33-45E0-9C62-F2809FEB46A5} = {41EA69FA-35C3-4D03-A5D2-3E6C2C69A37E}
		{68AE08A8-1296-4C3B-A655-93C1FCB0FD53} = {41EA69FA-35C3-4D03-A5D2-3E6C2C69A37E}
		{D095EA6A-B8D2-46ED-BB16-D409298C192B} = {41EA69FA-35C3-4D03-A5D2-3E6C2C69A37E}
		{3731D53C-BD55-484E-BFC7-3A3BD2CD2013} = {E58D43F3-E820-41E9-8BF8-886495D094CD}
		{1C7E5BA6-7D93-4821-A3E2-E0401C8DC9B4} = {E58D43F3-E820-41E9-8BF8-886495D094CD}
		{2EF862E5-71C5-42D0-900B-A71E314204F4} = {E58D43F3-E820-41E9-8BF8-886495D094CD}
		{37483986-ACB7-4173-B180-ADA592B31360} = {E58D43F3-E820-41E9-8BF8-886495D094CD}
		{6ED55BD9-94D8-4108-B96A-39576A8FC8FF} = {E58D43F3-E820-41E9-8BF8-886495D094CD}
		{CC854E6E-7C3D-428C-ABEB-EB171DE67F48} = {E58D43F3-E820-41E9-8BF8-886495D094CD}
		{11E52D59-922C-444C-8060-773C83BD0139} = {E58D43F3-E820-41E9-8BF8-886495D094CD}
		{869C0FA8-1330-46BB-A07C-B6120369EB5C} = {BB2944BE-D58D-46CA-8D55-A8D11DA09BEE}
		{56FBAD5C-43FF-4157-BAD1-ED8A0BDCBA22} = {BB2944BE-D58D-46CA-8D55-A8D11DA09BEE}
		{1F7FA6E3-6D31-4FF1-AD0F-BDB461843F42} = {BB2944BE-D58D-46CA-8D55-A8D11DA09BEE}
		{C4B0658A-3F75-4AFB-B361-8A4F60A33AD0} = {C7DC3F58-13FD-496D-AA95-43614FA86F52}
		{6F8A5F98-00BF-41FC-8329-64C2D2A1D771} = {C7DC3F58-13FD-496D-AA95-43614FA86F52}
		{94CC39B5-7DB9-473F-B132-9E593B28DD1E} = {8F60191A-F235-46AB-BF0E-33904F985449}
		{53B8447F-BEB0-4E4F-8173-D08FE5AEB146} = {8F60191A-F235-46AB-BF0E-33904F985449}
		{4D999E15-5771-42AF-8F9A-EDB55380755D} = {87E90D19-B06E-4F3C-856A-FC8FCCE739D0}
		{2BC634EA-E6CB-490F-9783-451D0EBEA539} = {87E90D19-B06E-4F3C-856A-FC8FCCE739D0}
	EndGlobalSection
EndGlobal
